
Microsoft Visual Studio Solution File, Format Version 12.00
# Visual Studio 2015
Project("{FAE04EC0-301F-11D3-BF4B-00C04F79EFBC}") = "Sim.CSharp", "Sim.CSharp.csproj", "{154A86DF-A619-FCDC-60D7-34E352B452EA}"
EndProject
Project("{FAE04EC0-301F-11D3-BF4B-00C04F79EFBC}") = "Sim.CSharp.Editor", "Sim.CSharp.Editor.csproj", "{5A3E5BEE-96E1-26A0-D5A2-F584D42A1570}"
EndProject
Global
	GlobalSection(SolutionConfigurationPlatforms) = preSolution
		Debug|Any CPU = Debug|Any CPU
		Release|Any CPU = Release|Any CPU
	EndGlobalSection
	GlobalSection(ProjectConfigurationPlatforms) = postSolution
		{154A86DF-A619-FCDC-60D7-34E352B452EA}.Debug|Any CPU.ActiveCfg = Debug|Any CPU
		{154A86DF-A619-FCDC-60D7-34E352B452EA}.Debug|Any CPU.Build.0 = Debug|Any CPU
		{154A86DF-A619-FCDC-60D7-34E352B452EA}.Release|Any CPU.ActiveCfg = Release|Any CPU
		{154A86DF-A619-FCDC-60D7-34E352B452EA}.Release|Any CPU.Build.0 = Release|Any CPU
		{5A3E5BEE-96E1-26A0-D5A2-F584D42A1570}.Debug|Any CPU.ActiveCfg = Debug|Any CPU
		{5A3E5BEE-96E1-26A0-D5A2-F584D42A1570}.Debug|Any CPU.Build.0 = Debug|Any CPU
		{5A3E5BEE-96E1-26A0-D5A2-F584D42A1570}.Release|Any CPU.ActiveCfg = Release|Any CPU
		{5A3E5BEE-96E1-26A0-D5A2-F584D42A1570}.Release|Any CPU.Build.0 = Release|Any CPU
	EndGlobalSection
	GlobalSection(SolutionProperties) = preSolution
		HideSolutionNode = FALSE
	EndGlobalSection
EndGlobal
